<?xml version="1.0" encoding="utf-8"?>
<Project xmlns="http://schemas.microsoft.com/developer/msbuild/2003">
  <ItemGroup>
    <Filter Include="Form Files">
      <UniqueIdentifier>{99349809-55BA-4b9d-BF79-8FDBB0286EB3}</UniqueIdentifier>
      <Extensions>ui</Extensions>
      <ParseFiles>false</ParseFiles>
    </Filter>
    <Filter Include="Form Files">
      <UniqueIdentifier>{99349809-55BA-4b9d-BF79-8FDBB0286EB3}</UniqueIdentifier>
      <Extensions>ui</Extensions>
      <ParseFiles>false</ParseFiles>
    </Filter>
    <Filter Include="Generated Files">
      <UniqueIdentifier>{71ED8ED8-ACB9-4CE9-BBE1-E00B30144E11}</UniqueIdentifier>
      <Extensions>cpp;c;cxx;moc;h;def;odl;idl;res;</Extensions>
    </Filter>
    <Filter Include="Generated Files">
      <UniqueIdentifier>{71ED8ED8-ACB9-4CE9-BBE1-E00B30144E11}</UniqueIdentifier>
      <Extensions>cpp;c;cxx;moc;h;def;odl;idl;res;</Extensions>
    </Filter>
    <Filter Include="Header Files">
      <UniqueIdentifier>{93995380-89BD-4b04-88EB-625FBE52EBFB}</UniqueIdentifier>
      <Extensions>h;hpp;hxx;hm;inl;inc;xsd</Extensions>
    </Filter>
    <Filter Include="Header Files">
      <UniqueIdentifier>{93995380-89BD-4b04-88EB-625FBE52EBFB}</UniqueIdentifier>
      <Extensions>h;hpp;hxx;hm;inl;inc;xsd</Extensions>
    </Filter>
    <Filter Include="Source Files">
      <UniqueIdentifier>{4FC737F1-C7A5-4376-A066-2A32D752A2FF}</UniqueIdentifier>
      <Extensions>cpp;c;cxx;def;odl;idl;hpj;bat;asm;asmx</Extensions>
    </Filter>
    <Filter Include="Source Files">
      <UniqueIdentifier>{4FC737F1-C7A5-4376-A066-2A32D752A2FF}</UniqueIdentifier>
      <Extensions>cpp;c;cxx;def;odl;idl;hpj;bat;asm;asmx</Extensions>
    </Filter>
  </ItemGroup>
  <ItemGroup>
    <ClCompile Include="apel.cpp">
      <Filter>Source Files</Filter>
    </ClCompile>
    <ClCompile Include="cerereapel.cpp">
      <Filter>Source Files</Filter>
    </ClCompile>
    <ClCompile Include="cerereinreg.cpp">
      <Filter>Source Files</Filter>
    </ClCompile>
    <ClCompile Include="cerereistoriccl.cpp">
      <Filter>Source Files</Filter>
    </ClCompile>
    <ClCompile Include="cerereistoricdisp.cpp">
      <Filter>Source Files</Filter>
    </ClCompile>
    <ClCompile Include="cererelog.cpp">
      <Filter>Source Files</Filter>
    </ClCompile>
    <ClCompile Include="cerereutilz.cpp">
      <Filter>Source Files</Filter>
    </ClCompile>
    <ClCompile Include="detalii_suplimentare.cpp">
      <Filter>Source Files</Filter>
    </ClCompile>
    <ClCompile Include="main.cpp">
      <Filter>Source Files</Filter>
    </ClCompile>
    <ClCompile Include="primapag.cpp">
      <Filter>Source Files</Filter>
    </ClCompile>
    <ClCompile Include="Conexiune.cpp">
      <Filter>Generated Files</Filter>
    </ClCompile>
    <ClCompile Include="cereredisp.cpp">
      <Filter>Source Files</Filter>
    </ClCompile>
    <ClCompile Include="cerereistoricadm.cpp">
      <Filter>Source Files</Filter>
    </ClCompile>
    <ClCompile Include="detaliiapel.cpp">
      <Filter>Source Files</Filter>
    </ClCompile>
    <ClCompile Include="addisp.cpp">
      <Filter>Generated Files</Filter>
    </ClCompile>
    <ClCompile Include="CerereStergeri.cpp">
      <Filter>Generated Files</Filter>
    </ClCompile>
    <ClCompile Include="icerere.cpp">
      <Filter>Source Files</Filter>
    </ClCompile>
  </ItemGroup>
  <ItemGroup>
    <QtMoc Include="apel.h">
      <Filter>Header Files</Filter>
    </QtMoc>
    <ClInclude Include="cerereapel.h">
      <Filter>Header Files</Filter>
    </ClInclude>
    <ClInclude Include="cerereinreg.h">
      <Filter>Header Files</Filter>
    </ClInclude>
    <ClInclude Include="cerereistoriccl.h">
      <Filter>Header Files</Filter>
    </ClInclude>
    <ClInclude Include="cerereistoricdisp.h">
      <Filter>Header Files</Filter>
    </ClInclude>
    <ClInclude Include="cererelog.h">
      <Filter>Header Files</Filter>
    </ClInclude>
    <ClInclude Include="cerereutilz.h">
      <Filter>Header Files</Filter>
    </ClInclude>
    <QtMoc Include="detalii_suplimentare.h">
      <Filter>Header Files</Filter>
    </QtMoc>
    <ClInclude Include="icerere.h">
      <Filter>Header Files</Filter>
    </ClInclude>
    <QtMoc Include="primapag.h">
      <Filter>Header Files</Filter>
    </QtMoc>
    <ClInclude Include="tcpclient.h">
      <Filter>Header Files</Filter>
    </ClInclude>
    <QtMoc Include="detaliiapel.h">
      <Filter>Header Files</Filter>
    </QtMoc>
    <QtMoc Include="addisp.h">
      <Filter>Generated Files</Filter>
    </QtMoc>
  </ItemGroup>
  <ItemGroup>
    <CustomBuild Include="debug\moc_predefs.h.cbt">
      <Filter>Generated Files</Filter>
    </CustomBuild>
    <CustomBuild Include="release\moc_predefs.h.cbt">
      <Filter>Generated Files</Filter>
    </CustomBuild>
  </ItemGroup>
  <ItemGroup>
    <QtUic Include="apel.ui">
      <Filter>Form Files</Filter>
    </QtUic>
    <QtUic Include="detalii_suplimentare.ui">
      <Filter>Form Files</Filter>
    </QtUic>
    <QtUic Include="primapag.ui">
      <Filter>Form Files</Filter>
    </QtUic>
    <QtUic Include="detaliiapel.ui">
      <Filter>Form Files</Filter>
    </QtUic>
    <QtUic Include="addisp.ui">
      <Filter>Form Files</Filter>
    </QtUic>
  </ItemGroup>
  <ItemGroup>
    <ClInclude Include="Conexiune.h">
      <Filter>Generated Files</Filter>
    </ClInclude>
    <ClInclude Include="ui_apel.h">
      <Filter>Generated Files</Filter>
    </ClInclude>
    <ClInclude Include="ui_detalii_suplimentare.h">
      <Filter>Generated Files</Filter>
    </ClInclude>
    <ClInclude Include="ui_detaliiapel.h">
      <Filter>Generated Files</Filter>
    </ClInclude>
    <ClInclude Include="ui_primapag.h">
      <Filter>Generated Files</Filter>
    </ClInclude>
    <ClInclude Include="cerereistoricadm.h">
      <Filter>Header Files</Filter>
    </ClInclude>
    <ClInclude Include="cereredisp.h">
      <Filter>Header Files</Filter>
    </ClInclude>
    <ClInclude Include="CerereStergeri.h">
      <Filter>Generated Files</Filter>
    </ClInclude>
  </ItemGroup>
  <ItemGroup>
    <None Include="Apeluri_urg.pro" />
    <None Include="Apeluri_urg.pro.user" />
  </ItemGroup>
</Project>